
Microsoft Visual Studio Solution File, Format Version 12.00
# Visual Studio Version 17
VisualStudioVersion = 17.9.34723.18
MinimumVisualStudioVersion = 10.0.40219.1
Project("{FAE04EC0-301F-11D3-BF4B-00C04F79EFBC}") = "PedidosApp", "PedidosApp.csproj", "{70049B93-E6B8-419F-922C-E25C404385CF}"
EndProject
Project("{FAE04EC0-301F-11D3-BF4B-00C04F79EFBC}") = "CapaNegocio", "..\CapaNegocio\CapaNegocio.csproj", "{5292F696-B111-4C19-924C-BF49EC2DD1B7}"
EndProject
Project("{FAE04EC0-301F-11D3-BF4B-00C04F79EFBC}") = "CapaDatos", "..\CapaDatos\CapaDatos.csproj", "{0A915F3F-F588-4EF4-9A32-AC7AFCF60864}"
EndProject
Global
	GlobalSection(SolutionConfigurationPlatforms) = preSolution
		Debug|Any CPU = Debug|Any CPU
		Release|Any CPU = Release|Any CPU
	EndGlobalSection
	GlobalSection(ProjectConfigurationPlatforms) = postSolution
		{70049B93-E6B8-419F-922C-E25C404385CF}.Debug|Any CPU.ActiveCfg = Debug|Any CPU
		{70049B93-E6B8-419F-922C-E25C404385CF}.Debug|Any CPU.Build.0 = Debug|Any CPU
		{70049B93-E6B8-419F-922C-E25C404385CF}.Release|Any CPU.ActiveCfg = Release|Any CPU
		{70049B93-E6B8-419F-922C-E25C404385CF}.Release|Any CPU.Build.0 = Release|Any CPU
		{5292F696-B111-4C19-924C-BF49EC2DD1B7}.Debug|Any CPU.ActiveCfg = Debug|Any CPU
		{5292F696-B111-4C19-924C-BF49EC2DD1B7}.Debug|Any CPU.Build.0 = Debug|Any CPU
		{5292F696-B111-4C19-924C-BF49EC2DD1B7}.Release|Any CPU.ActiveCfg = Release|Any CPU
		{5292F696-B111-4C19-924C-BF49EC2DD1B7}.Release|Any CPU.Build.0 = Release|Any CPU
		{0A915F3F-F588-4EF4-9A32-AC7AFCF60864}.Debug|Any CPU.ActiveCfg = Debug|Any CPU
		{0A915F3F-F588-4EF4-9A32-AC7AFCF60864}.Debug|Any CPU.Build.0 = Debug|Any CPU
		{0A915F3F-F588-4EF4-9A32-AC7AFCF60864}.Release|Any CPU.ActiveCfg = Release|Any CPU
		{0A915F3F-F588-4EF4-9A32-AC7AFCF60864}.Release|Any CPU.Build.0 = Release|Any CPU
	EndGlobalSection
	GlobalSection(SolutionProperties) = preSolution
		HideSolutionNode = FALSE
	EndGlobalSection
	GlobalSection(ExtensibilityGlobals) = postSolution
		SolutionGuid = {2E1EC1D0-E4CA-40ED-8D01-127FDACEC2EC}
	EndGlobalSection
EndGlobal
